Microsoft Visual Studio Solution File, Format Version 12.00
# Visual Studio Version 17
VisualStudioVersion = 17.5.2.0
MinimumVisualStudioVersion = 10.0.40219.1
Project("{FAE04EC0-301F-11D3-BF4B-00C04F79EFBC}") = "PinPathAPI", "PinPathAPI\PinPathAPI.csproj", "{84D11191-B83B-7E03-6AED-CFC6FFFA00BB}"
EndProject
Global
	GlobalSection(SolutionConfigurationPlatforms) = preSolution
		Debug|Any CPU = Debug|Any CPU
		Release|Any CPU = Release|Any CPU
	EndGlobalSection
	GlobalSection(ProjectConfigurationPlatforms) = postSolution
		{84D11191-B83B-7E03-6AED-CFC6FFFA00BB}.Debug|Any CPU.ActiveCfg = Debug|Any CPU
		{84D11191-B83B-7E03-6AED-CFC6FFFA00BB}.Debug|Any CPU.Build.0 = Debug|Any CPU
		{84D11191-B83B-7E03-6AED-CFC6FFFA00BB}.Release|Any CPU.ActiveCfg = Release|Any CPU
		{84D11191-B83B-7E03-6AED-CFC6FFFA00BB}.Release|Any CPU.Build.0 = Release|Any CPU
	EndGlobalSection
	GlobalSection(SolutionProperties) = preSolution
		HideSolutionNode = FALSE
	EndGlobalSection
	GlobalSection(ExtensibilityGlobals) = postSolution
		SolutionGuid = {6F54A998-4699-49C9-9908-B51CAAFB8B4F}
	EndGlobalSection
EndGlobal
